
Microsoft Visual Studio Solution File, Format Version 12.00
Project("{FAE04EC0-301F-11D3-BF4B-00C04F79EFBC}") = "rondo.gen", "rondo.gen.csproj", "{B547DF24-8C8C-4B97-9721-97B52370A78F}"
EndProject
Global
	GlobalSection(SolutionConfigurationPlatforms) = preSolution
		Debug|Any CPU = Debug|Any CPU
		Release|Any CPU = Release|Any CPU
	EndGlobalSection
	GlobalSection(ProjectConfigurationPlatforms) = postSolution
		{B547DF24-8C8C-4B97-9721-97B52370A78F}.Debug|Any CPU.ActiveCfg = Debug|Any CPU
		{B547DF24-8C8C-4B97-9721-97B52370A78F}.Debug|Any CPU.Build.0 = Debug|Any CPU
		{B547DF24-8C8C-4B97-9721-97B52370A78F}.Release|Any CPU.ActiveCfg = Release|Any CPU
		{B547DF24-8C8C-4B97-9721-97B52370A78F}.Release|Any CPU.Build.0 = Release|Any CPU
	EndGlobalSection
EndGlobal
